
Microsoft Visual Studio Solution File, Format Version 12.00
# Visual Studio Version 17
VisualStudioVersion = 17.13.35818.85 d17.13
MinimumVisualStudioVersion = 10.0.40219.1
Project("{FAE04EC0-301F-11D3-BF4B-00C04F79EFBC}") = "COMP1551 coursework", "COMP1551 coursework\COMP1551 coursework.csproj", "{0126593F-C564-4ED3-8967-E5874CDBBE32}"
EndProject
Global
	GlobalSection(SolutionConfigurationPlatforms) = preSolution
		Debug|Any CPU = Debug|Any CPU
		Release|Any CPU = Release|Any CPU
	EndGlobalSection
	GlobalSection(ProjectConfigurationPlatforms) = postSolution
		{0126593F-C564-4ED3-8967-E5874CDBBE32}.Debug|Any CPU.ActiveCfg = Debug|Any CPU
		{0126593F-C564-4ED3-8967-E5874CDBBE32}.Debug|Any CPU.Build.0 = Debug|Any CPU
		{0126593F-C564-4ED3-8967-E5874CDBBE32}.Release|Any CPU.ActiveCfg = Release|Any CPU
		{0126593F-C564-4ED3-8967-E5874CDBBE32}.Release|Any CPU.Build.0 = Release|Any CPU
	EndGlobalSection
	GlobalSection(SolutionProperties) = preSolution
		HideSolutionNode = FALSE
	EndGlobalSection
	GlobalSection(ExtensibilityGlobals) = postSolution
		SolutionGuid = {DB237A52-CC19-465A-A528-1B6177F9ED94}
	EndGlobalSection
EndGlobal
